{
  "name": "post",
  "version": "1.0.0",
  "lockfileVersion": 3,
  "requires": true,
  "packages": {
    "": {
      "name": "post",
      "version": "1.0.0",
      "license": "ISC",
      "dependencies": {
        "expressjs": "^1.0.1",
        "jwtoken": "^0.0.0"
      }
    },
    "node_modules/expressjs": {
      "version": "1.0.1",
      "resolved": "https://registry.npmjs.org/expressjs/-/expressjs-1.0.1.tgz",
      "integrity": "sha512-eFnQ5bMJxTZ29XwRJPV8ee/OURBBMS6Fm+b5rvMMEyz6u2IxPEh2SRzMZt9WvgnV+SMLmnzkALE1DnGG1HxJCw==",
      "deprecated": "This is a typosquat on the popular Express package. This is not maintained nor is the original Express package.",
      "license": "ISC"
    },
    "node_modules/jwtoken": {
      "version": "0.0.0",
      "resolved": "https://registry.npmjs.org/jwtoken/-/jwtoken-0.0.0.tgz",
      "integrity": "sha512-ksJY5AC2eo7FJ6HSpB6dacZI38njm46m0W13hzt1EojRtL5eXwdf/e8NHP81brPkczspmMCucpRjzBjN/J9DXw==",
      "license": "MIT",
      "engines": {
        "node": ">= 10"
      }
    }
  }
}
